// !$*UTF8*$!
{
	archiveVersion = 1;
	classes = {
	};
	objectVersion = 56;
	objects = {

/* Begin PBXBuildFile section */
		AA0000000000000000000001 /* StorytellingPracticeApp.swift in Sources */ = {isa = PBXBuildFile; fileRef = AA0000000000000000000002 /* StorytellingPracticeApp.swift */; };
		AA0000000000000000000003 /* ContentView.swift in Sources */ = {isa = PBXBuildFile; fileRef = AA0000000000000000000004 /* ContentView.swift */; };
		AA0000000000000000000005 /* Assets.xcassets in Resources */ = {isa = PBXBuildFile; fileRef = AA0000000000000000000006 /* Assets.xcassets */; };
		AA0000000000000000000007 /* Preview Assets.xcassets in Resources */ = {isa = PBXBuildFile; fileRef = AA0000000000000000000008 /* Preview Assets.xcassets */; };
		AA0000000000000000000022 /* StoryCategory.swift in Sources */ = {isa = PBXBuildFile; fileRef = AA0000000000000000000023 /* StoryCategory.swift */; };
		AA0000000000000000000024 /* Story.swift in Sources */ = {isa = PBXBuildFile; fileRef = AA0000000000000000000025 /* Story.swift */; };
		AA0000000000000000000026 /* Recording.swift in Sources */ = {isa = PBXBuildFile; fileRef = AA0000000000000000000027 /* Recording.swift */; };
		AA0000000000000000000028 /* Prompt.swift in Sources */ = {isa = PBXBuildFile; fileRef = AA0000000000000000000029 /* Prompt.swift */; };
		AA000000000000000000002A /* StoryConsumptionView.swift in Sources */ = {isa = PBXBuildFile; fileRef = AA000000000000000000002B /* StoryConsumptionView.swift */; };
		AA000000000000000000002C /* StoryRetellingView.swift in Sources */ = {isa = PBXBuildFile; fileRef = AA000000000000000000002D /* StoryRetellingView.swift */; };
		AA000000000000000000002E /* FreePracticeView.swift in Sources */ = {isa = PBXBuildFile; fileRef = AA000000000000000000002F /* FreePracticeView.swift */; };
		AA0000000000000000000030 /* AudioRecorderService.swift in Sources */ = {isa = PBXBuildFile; fileRef = AA0000000000000000000031 /* AudioRecorderService.swift */; };
		AA0000000000000000000032 /* SpeechRecognitionService.swift in Sources */ = {isa = PBXBuildFile; fileRef = AA0000000000000000000033 /* SpeechRecognitionService.swift */; };
		AA0000000000000000000034 /* LLMService.swift in Sources */ = {isa = PBXBuildFile; fileRef = AA0000000000000000000035 /* LLMService.swift */; };
		AA0000000000000000000036 /* AudioPlayerService.swift in Sources */ = {isa = PBXBuildFile; fileRef = AA0000000000000000000037 /* AudioPlayerService.swift */; };
		AA000000000000000000003C /* ClaymorphismStyle.swift in Sources */ = {isa = PBXBuildFile; fileRef = AA000000000000000000003D /* ClaymorphismStyle.swift */; };
		AA000000000000000000003E /* ProgressRecord.swift in Sources */ = {isa = PBXBuildFile; fileRef = AA000000000000000000003F /* ProgressRecord.swift */; };
		AA0000000000000000000040 /* ProgressDataService.swift in Sources */ = {isa = PBXBuildFile; fileRef = AA0000000000000000000041 /* ProgressDataService.swift */; };
		AA0000000000000000000042 /* RadarChartView.swift in Sources */ = {isa = PBXBuildFile; fileRef = AA0000000000000000000043 /* RadarChartView.swift */; };
		AA0000000000000000000044 /* ProgressTrackingView.swift in Sources */ = {isa = PBXBuildFile; fileRef = AA0000000000000000000045 /* ProgressTrackingView.swift */; };
/* End PBXBuildFile section */

/* Begin PBXFileReference section */
		AA0000000000000000000011 /* StorytellingPracticeApp.app */ = {isa = PBXFileReference; explicitFileType = wrapper.application; includeInIndex = 0; path = StorytellingPracticeApp.app; sourceTree = BUILT_PRODUCTS_DIR; };
		AA0000000000000000000002 /* StorytellingPracticeApp.swift */ = {isa = PBXFileReference; lastKnownFileType = sourcecode.swift; path = StorytellingPracticeApp.swift; sourceTree = "<group>"; };
		AA0000000000000000000004 /* ContentView.swift */ = {isa = PBXFileReference; lastKnownFileType = sourcecode.swift; path = ContentView.swift; sourceTree = "<group>"; };
		AA0000000000000000000006 /* Assets.xcassets */ = {isa = PBXFileReference; lastKnownFileType = folder.assetcatalog; path = Assets.xcassets; sourceTree = "<group>"; };
		AA0000000000000000000008 /* Preview Assets.xcassets */ = {isa = PBXFileReference; lastKnownFileType = folder.assetcatalog; path = "Preview Assets.xcassets"; sourceTree = "<group>"; };
		AA0000000000000000000012 /* Info.plist */ = {isa = PBXFileReference; lastKnownFileType = text.plist.xml; path = Info.plist; sourceTree = "<group>"; };
		AA0000000000000000000023 /* StoryCategory.swift */ = {isa = PBXFileReference; lastKnownFileType = sourcecode.swift; path = StoryCategory.swift; sourceTree = "<group>"; };
		AA0000000000000000000025 /* Story.swift */ = {isa = PBXFileReference; lastKnownFileType = sourcecode.swift; path = Story.swift; sourceTree = "<group>"; };
		AA0000000000000000000027 /* Recording.swift */ = {isa = PBXFileReference; lastKnownFileType = sourcecode.swift; path = Recording.swift; sourceTree = "<group>"; };
		AA0000000000000000000029 /* Prompt.swift */ = {isa = PBXFileReference; lastKnownFileType = sourcecode.swift; path = Prompt.swift; sourceTree = "<group>"; };
		AA000000000000000000002B /* StoryConsumptionView.swift */ = {isa = PBXFileReference; lastKnownFileType = sourcecode.swift; path = StoryConsumptionView.swift; sourceTree = "<group>"; };
		AA000000000000000000002D /* StoryRetellingView.swift */ = {isa = PBXFileReference; lastKnownFileType = sourcecode.swift; path = StoryRetellingView.swift; sourceTree = "<group>"; };
		AA000000000000000000002F /* FreePracticeView.swift */ = {isa = PBXFileReference; lastKnownFileType = sourcecode.swift; path = FreePracticeView.swift; sourceTree = "<group>"; };
		AA0000000000000000000031 /* AudioRecorderService.swift */ = {isa = PBXFileReference; lastKnownFileType = sourcecode.swift; path = AudioRecorderService.swift; sourceTree = "<group>"; };
		AA0000000000000000000033 /* SpeechRecognitionService.swift */ = {isa = PBXFileReference; lastKnownFileType = sourcecode.swift; path = SpeechRecognitionService.swift; sourceTree = "<group>"; };
		AA0000000000000000000035 /* LLMService.swift */ = {isa = PBXFileReference; lastKnownFileType = sourcecode.swift; path = LLMService.swift; sourceTree = "<group>"; };
		AA0000000000000000000037 /* AudioPlayerService.swift */ = {isa = PBXFileReference; lastKnownFileType = sourcecode.swift; path = AudioPlayerService.swift; sourceTree = "<group>"; };
		AA000000000000000000003D /* ClaymorphismStyle.swift */ = {isa = PBXFileReference; lastKnownFileType = sourcecode.swift; path = ClaymorphismStyle.swift; sourceTree = "<group>"; };
		AA000000000000000000003F /* ProgressRecord.swift */ = {isa = PBXFileReference; lastKnownFileType = sourcecode.swift; path = ProgressRecord.swift; sourceTree = "<group>"; };
		AA0000000000000000000041 /* ProgressDataService.swift */ = {isa = PBXFileReference; lastKnownFileType = sourcecode.swift; path = ProgressDataService.swift; sourceTree = "<group>"; };
		AA0000000000000000000043 /* RadarChartView.swift */ = {isa = PBXFileReference; lastKnownFileType = sourcecode.swift; path = RadarChartView.swift; sourceTree = "<group>"; };
		AA0000000000000000000045 /* ProgressTrackingView.swift */ = {isa = PBXFileReference; lastKnownFileType = sourcecode.swift; path = ProgressTrackingView.swift; sourceTree = "<group>"; };
/* End PBXFileReference section */

/* Begin PBXFrameworksBuildPhase section */
		AA0000000000000000000013 /* Frameworks */ = {
			isa = PBXFrameworksBuildPhase;
			buildActionMask = 2147483647;
			files = (
			);
			runOnlyForDeploymentPostprocessing = 0;
		};
/* End PBXFrameworksBuildPhase section */

/* Begin PBXGroup section */
		AA0000000000000000000014 = {
			isa = PBXGroup;
			children = (
				AA0000000000000000000015 /* StorytellingPracticeApp */,
				AA0000000000000000000016 /* Products */,
			);
			sourceTree = "<group>";
		};
		AA0000000000000000000016 /* Products */ = {
			isa = PBXGroup;
			children = (
				AA0000000000000000000011 /* StorytellingPracticeApp.app */,
			);
			name = Products;
			sourceTree = "<group>";
		};
		AA0000000000000000000015 /* StorytellingPracticeApp */ = {
			isa = PBXGroup;
			children = (
				AA0000000000000000000002 /* StorytellingPracticeApp.swift */,
				AA0000000000000000000004 /* ContentView.swift */,
				AA0000000000000000000038 /* Models */,
				AA0000000000000000000039 /* Views */,
				AA000000000000000000003A /* Services */,
				AA000000000000000000003B /* Utilities */,
				AA0000000000000000000006 /* Assets.xcassets */,
				AA0000000000000000000017 /* Preview Content */,
				AA0000000000000000000012 /* Info.plist */,
			);
			path = StorytellingPracticeApp;
			sourceTree = "<group>";
		};
		AA0000000000000000000038 /* Models */ = {
			isa = PBXGroup;
			children = (
				AA0000000000000000000023 /* StoryCategory.swift */,
				AA0000000000000000000025 /* Story.swift */,
				AA0000000000000000000027 /* Recording.swift */,
				AA0000000000000000000029 /* Prompt.swift */,
				AA000000000000000000003F /* ProgressRecord.swift */,
			);
			path = Models;
			sourceTree = "<group>";
		};
		AA0000000000000000000039 /* Views */ = {
			isa = PBXGroup;
			children = (
				AA000000000000000000002B /* StoryConsumptionView.swift */,
				AA000000000000000000002D /* StoryRetellingView.swift */,
				AA000000000000000000002F /* FreePracticeView.swift */,
				AA0000000000000000000043 /* RadarChartView.swift */,
				AA0000000000000000000045 /* ProgressTrackingView.swift */,
			);
			path = Views;
			sourceTree = "<group>";
		};
		AA000000000000000000003A /* Services */ = {
			isa = PBXGroup;
			children = (
				AA0000000000000000000031 /* AudioRecorderService.swift */,
				AA0000000000000000000033 /* SpeechRecognitionService.swift */,
				AA0000000000000000000035 /* LLMService.swift */,
				AA0000000000000000000037 /* AudioPlayerService.swift */,
				AA0000000000000000000041 /* ProgressDataService.swift */,
			);
			path = Services;
			sourceTree = "<group>";
		};
		AA000000000000000000003B /* Utilities */ = {
			isa = PBXGroup;
			children = (
				AA000000000000000000003D /* ClaymorphismStyle.swift */,
			);
			path = Utilities;
			sourceTree = "<group>";
		};
		AA0000000000000000000017 /* Preview Content */ = {
			isa = PBXGroup;
			children = (
				AA0000000000000000000008 /* Preview Assets.xcassets */,
			);
			path = "Preview Content";
			sourceTree = "<group>";
		};
/* End PBXGroup section */

/* Begin PBXNativeTarget section */
		AA0000000000000000000018 /* StorytellingPracticeApp */ = {
			isa = PBXNativeTarget;
			buildConfigurationList = AA0000000000000000000019 /* Build configuration list for PBXNativeTarget "StorytellingPracticeApp" */;
			buildPhases = (
				AA000000000000000000001A /* Sources */,
				AA0000000000000000000013 /* Frameworks */,
				AA000000000000000000001B /* Resources */,
			);
			buildRules = (
			);
			dependencies = (
			);
			name = StorytellingPracticeApp;
			productName = StorytellingPracticeApp;
			productReference = AA0000000000000000000011 /* StorytellingPracticeApp.app */;
			productType = "com.apple.product-type.application";
		};
/* End PBXNativeTarget section */

/* Begin PBXProject section */
		AA000000000000000000001C /* Project object */ = {
			isa = PBXProject;
			attributes = {
				BuildIndependentTargetsInParallel = 1;
				LastSwiftUpdateCheck = 1500;
				LastUpgradeCheck = 1500;
			};
			buildConfigurationList = AA000000000000000000001D /* Build configuration list for PBXProject "StorytellingPracticeApp" */;
			compatibilityVersion = "Xcode 14.0";
			developmentRegion = en;
			hasScannedForEncodings = 0;
			knownRegions = (
				en,
				Base,
			);
			mainGroup = AA0000000000000000000014;
			productRefGroup = AA0000000000000000000016 /* Products */;
			projectDirPath = "";
			projectRoot = "";
			targets = (
				AA0000000000000000000018 /* StorytellingPracticeApp */,
			);
		};
/* End PBXProject section */

/* Begin PBXResourcesBuildPhase section */
		AA000000000000000000001B /* Resources */ = {
			isa = PBXResourcesBuildPhase;
			buildActionMask = 2147483647;
			files = (
				AA0000000000000000000007 /* Preview Assets.xcassets in Resources */,
				AA0000000000000000000005 /* Assets.xcassets in Resources */,
			);
			runOnlyForDeploymentPostprocessing = 0;
		};
/* End PBXResourcesBuildPhase section */

/* Begin PBXSourcesBuildPhase section */
		AA000000000000000000001A /* Sources */ = {
			isa = PBXSourcesBuildPhase;
			buildActionMask = 2147483647;
			files = (
				AA0000000000000000000001 /* StorytellingPracticeApp.swift in Sources */,
				AA0000000000000000000003 /* ContentView.swift in Sources */,
				AA0000000000000000000022 /* StoryCategory.swift in Sources */,
				AA0000000000000000000024 /* Story.swift in Sources */,
				AA0000000000000000000026 /* Recording.swift in Sources */,
				AA0000000000000000000028 /* Prompt.swift in Sources */,
				AA000000000000000000002A /* StoryConsumptionView.swift in Sources */,
				AA000000000000000000002C /* StoryRetellingView.swift in Sources */,
				AA000000000000000000002E /* FreePracticeView.swift in Sources */,
				AA0000000000000000000030 /* AudioRecorderService.swift in Sources */,
				AA0000000000000000000032 /* SpeechRecognitionService.swift in Sources */,
				AA0000000000000000000034 /* LLMService.swift in Sources */,
				AA0000000000000000000036 /* AudioPlayerService.swift in Sources */,
				AA000000000000000000003C /* ClaymorphismStyle.swift in Sources */,
				AA000000000000000000003E /* ProgressRecord.swift in Sources */,
				AA0000000000000000000040 /* ProgressDataService.swift in Sources */,
				AA0000000000000000000042 /* RadarChartView.swift in Sources */,
				AA0000000000000000000044 /* ProgressTrackingView.swift in Sources */,
			);
			runOnlyForDeploymentPostprocessing = 0;
		};
/* End PBXSourcesBuildPhase section */

/* Begin XCBuildConfiguration section */
		AA000000000000000000001E /* Debug */ = {
			isa = XCBuildConfiguration;
			buildSettings = {
				ALWAYS_SEARCH_USER_PATHS = NO;
				ASSETCATALOG_COMPILER_GENERATE_SWIFT_ASSET_SYMBOL_EXTENSIONS = YES;
				CLANG_ANALYZER_NONNULL = YES;
				CLANG_ANALYZER_NUMBER_OBJECT_CONVERSION = YES_AGGRESSIVE;
				CLANG_CXX_LANGUAGE_STANDARD = "gnu++20";
				CLANG_ENABLE_MODULES = YES;
				CLANG_ENABLE_OBJC_ARC = YES;
				CLANG_ENABLE_OBJC_WEAK = YES;
				CLANG_WARN_BLOCK_CAPTURE_AUTORELEASING = YES;
				CLANG_WARN_BOOL_CONVERSION = YES;
				CLANG_WARN_COMMA = YES;
				CLANG_WARN_CONSTANT_CONVERSION = YES;
				CLANG_WARN_DEPRECATED_OBJC_IMPLEMENTATIONS = YES;
				CLANG_WARN_DIRECT_OBJC_ISA_USAGE = YES_ERROR;
				CLANG_WARN_DOCUMENTATION_COMMENTS = YES;
				CLANG_WARN_EMPTY_BODY = YES;
				CLANG_WARN_ENUM_CONVERSION = YES;
				CLANG_WARN_INFINITE_RECURSION = YES;
				CLANG_WARN_INT_CONVERSION = YES;
				CLANG_WARN_NON_LITERAL_NULL_CONVERSION = YES;
				CLANG_WARN_OBJC_IMPLICIT_RETAIN_SELF = YES;
				CLANG_WARN_OBJC_LITERAL_CONVERSION = YES;
				CLANG_WARN_OBJC_ROOT_CLASS = YES_ERROR;
				CLANG_WARN_QUOTED_INCLUDE_IN_FRAMEWORK_HEADER = YES;
				CLANG_WARN_RANGE_LOOP_ANALYSIS = YES;
				CLANG_WARN_STRICT_PROTOTYPES = YES;
				CLANG_WARN_SUSPICIOUS_MOVE = YES;
				CLANG_WARN_UNGUARDED_AVAILABILITY = YES_AGGRESSIVE;
				CLANG_WARN_UNREACHABLE_CODE = YES;
				CLANG_WARN__DUPLICATE_METHOD_MATCH = YES;
				COPY_PHASE_STRIP = NO;
				DEBUG_INFORMATION_FORMAT = dwarf;
				ENABLE_STRICT_OBJC_MSGSEND = YES;
				ENABLE_TESTABILITY = YES;
				ENABLE_USER_SCRIPT_SANDBOXING = YES;
				GCC_C_LANGUAGE_STANDARD = gnu17;
				GCC_DYNAMIC_NO_PIC = NO;
				GCC_NO_COMMON_BLOCKS = YES;
				GCC_OPTIMIZATION_LEVEL = 0;
				GCC_PREPROCESSOR_DEFINITIONS = (
					"DEBUG=1",
					"$(inherited)",
				);
				GCC_WARN_64_TO_32_BIT_CONVERSION = YES;
				GCC_WARN_ABOUT_RETURN_TYPE = YES_ERROR;
				GCC_WARN_UNDECLARED_SELECTOR = YES;
				GCC_WARN_UNINITIALIZED_AUTOS = YES_AGGRESSIVE;
				GCC_WARN_UNUSED_FUNCTION = YES;
				GCC_WARN_UNUSED_VARIABLE = YES;
				IPHONEOS_DEPLOYMENT_TARGET = 16.0;
				LOCALIZATION_PREFERS_STRING_CATALOGS = YES;
				MTL_ENABLE_DEBUG_INFO = INCLUDE_SOURCE;
				MTL_FAST_MATH = YES;
				ONLY_ACTIVE_ARCH = YES;
				SDKROOT = iphoneos;
				SWIFT_ACTIVE_COMPILATION_CONDITIONS = "DEBUG $(inherited)";
				SWIFT_OPTIMIZATION_LEVEL = "-Onone";
			};
			name = Debug;
		};
		AA000000000000000000001F /* Release */ = {
			isa = XCBuildConfiguration;
			buildSettings = {
				ALWAYS_SEARCH_USER_PATHS = NO;
				ASSETCATALOG_COMPILER_GENERATE_SWIFT_ASSET_SYMBOL_EXTENSIONS = YES;
				CLANG_ANALYZER_NONNULL = YES;
				CLANG_ANALYZER_NUMBER_OBJECT_CONVERSION = YES_AGGRESSIVE;
				CLANG_CXX_LANGUAGE_STANDARD = "gnu++20";
				CLANG_ENABLE_MODULES = YES;
				CLANG_ENABLE_OBJC_ARC = YES;
				CLANG_ENABLE_OBJC_WEAK = YES;
				CLANG_WARN_BLOCK_CAPTURE_AUTORELEASING = YES;
				CLANG_WARN_BOOL_CONVERSION = YES;
				CLANG_WARN_COMMA = YES;
				CLANG_WARN_CONSTANT_CONVERSION = YES;
				CLANG_WARN_DEPRECATED_OBJC_IMPLEMENTATIONS = YES;
				CLANG_WARN_DIRECT_OBJC_ISA_USAGE = YES_ERROR;
				CLANG_WARN_DOCUMENTATION_COMMENTS = YES;
				CLANG_WARN_EMPTY_BODY = YES;
				CLANG_WARN_ENUM_CONVERSION = YES;
				CLANG_WARN_INFINITE_RECURSION = YES;
				CLANG_WARN_INT_CONVERSION = YES;
				CLANG_WARN_NON_LITERAL_NULL_CONVERSION = YES;
				CLANG_WARN_OBJC_IMPLICIT_RETAIN_SELF = YES;
				CLANG_WARN_OBJC_LITERAL_CONVERSION = YES;
				CLANG_WARN_OBJC_ROOT_CLASS = YES_ERROR;
				CLANG_WARN_QUOTED_INCLUDE_IN_FRAMEWORK_HEADER = YES;
				CLANG_WARN_RANGE_LOOP_ANALYSIS = YES;
				CLANG_WARN_STRICT_PROTOTYPES = YES;
				CLANG_WARN_SUSPICIOUS_MOVE = YES;
				CLANG_WARN_UNGUARDED_AVAILABILITY = YES_AGGRESSIVE;
				CLANG_WARN_UNREACHABLE_CODE = YES;
				CLANG_WARN__DUPLICATE_METHOD_MATCH = YES;
				COPY_PHASE_STRIP = NO;
				DEBUG_INFORMATION_FORMAT = "dwarf-with-dsym";
				ENABLE_NS_ASSERTIONS = NO;
				ENABLE_STRICT_OBJC_MSGSEND = YES;
				ENABLE_USER_SCRIPT_SANDBOXING = YES;
				GCC_C_LANGUAGE_STANDARD = gnu17;
				GCC_NO_COMMON_BLOCKS = YES;
				GCC_WARN_64_TO_32_BIT_CONVERSION = YES;
				GCC_WARN_ABOUT_RETURN_TYPE = YES_ERROR;
				GCC_WARN_UNDECLARED_SELECTOR = YES;
				GCC_WARN_UNINITIALIZED_AUTOS = YES_AGGRESSIVE;
				GCC_WARN_UNUSED_FUNCTION = YES;
				GCC_WARN_UNUSED_VARIABLE = YES;
				IPHONEOS_DEPLOYMENT_TARGET = 16.0;
				LOCALIZATION_PREFERS_STRING_CATALOGS = YES;
				MTL_ENABLE_DEBUG_INFO = NO;
				MTL_FAST_MATH = YES;
				SDKROOT = iphoneos;
				SWIFT_COMPILATION_MODE = wholemodule;
				VALIDATE_PRODUCT = YES;
			};
			name = Release;
		};
		AA0000000000000000000020 /* Debug */ = {
			isa = XCBuildConfiguration;
			buildSettings = {
				ASSETCATALOG_COMPILER_APPICON_NAME = AppIcon;
				ASSETCATALOG_COMPILER_GLOBAL_ACCENT_COLOR_NAME = AccentColor;
				CODE_SIGN_STYLE = Automatic;
				CURRENT_PROJECT_VERSION = 1;
				DEVELOPMENT_ASSET_PATHS = "\"StorytellingPracticeApp/Preview Content\"";
				ENABLE_PREVIEWS = YES;
				GENERATE_INFOPLIST_FILE = YES;
				INFOPLIST_FILE = StorytellingPracticeApp/Info.plist;
				INFOPLIST_KEY_NSCameraUsageDescription = "This app needs camera access to generate images for prompts.";
				INFOPLIST_KEY_NSMicrophoneUsageDescription = "This app needs microphone access to record your storytelling practice.";
				INFOPLIST_KEY_NSSpeechRecognitionUsageDescription = "This app needs speech recognition to transcribe your recordings.";
				INFOPLIST_KEY_UIApplicationSceneManifest_Generation = YES;
				INFOPLIST_KEY_UIApplicationSupportsIndirectInputEvents = YES;
				INFOPLIST_KEY_UILaunchScreen_Generation = YES;
				INFOPLIST_KEY_UISupportedInterfaceOrientations_iPad = "UIInterfaceOrientationPortrait UIInterfaceOrientationPortraitUpsideDown UIInterfaceOrientationLandscapeLeft UIInterfaceOrientationLandscapeRight";
				INFOPLIST_KEY_UISupportedInterfaceOrientations_iPhone = "UIInterfaceOrientationPortrait UIInterfaceOrientationLandscapeLeft UIInterfaceOrientationLandscapeRight";
				LD_RUNPATH_SEARCH_PATHS = (
					"$(inherited)",
					"@executable_path/Frameworks",
				);
				MARKETING_VERSION = 1.0;
				PRODUCT_BUNDLE_IDENTIFIER = com.storytellingpractice.app;
				PRODUCT_NAME = "$(TARGET_NAME)";
				SWIFT_EMIT_LOC_STRINGS = YES;
				SWIFT_VERSION = 5.0;
				TARGETED_DEVICE_FAMILY = "1,2";
			};
			name = Debug;
		};
		AA0000000000000000000021 /* Release */ = {
			isa = XCBuildConfiguration;
			buildSettings = {
				ASSETCATALOG_COMPILER_APPICON_NAME = AppIcon;
				ASSETCATALOG_COMPILER_GLOBAL_ACCENT_COLOR_NAME = AccentColor;
				CODE_SIGN_STYLE = Automatic;
				CURRENT_PROJECT_VERSION = 1;
				DEVELOPMENT_ASSET_PATHS = "\"StorytellingPracticeApp/Preview Content\"";
				ENABLE_PREVIEWS = YES;
				GENERATE_INFOPLIST_FILE = YES;
				INFOPLIST_FILE = StorytellingPracticeApp/Info.plist;
				INFOPLIST_KEY_NSCameraUsageDescription = "This app needs camera access to generate images for prompts.";
				INFOPLIST_KEY_NSMicrophoneUsageDescription = "This app needs microphone access to record your storytelling practice.";
				INFOPLIST_KEY_NSSpeechRecognitionUsageDescription = "This app needs speech recognition to transcribe your recordings.";
				INFOPLIST_KEY_UIApplicationSceneManifest_Generation = YES;
				INFOPLIST_KEY_UIApplicationSupportsIndirectInputEvents = YES;
				INFOPLIST_KEY_UILaunchScreen_Generation = YES;
				INFOPLIST_KEY_UISupportedInterfaceOrientations_iPad = "UIInterfaceOrientationPortrait UIInterfaceOrientationPortraitUpsideDown UIInterfaceOrientationLandscapeLeft UIInterfaceOrientationLandscapeRight";
				INFOPLIST_KEY_UISupportedInterfaceOrientations_iPhone = "UIInterfaceOrientationPortrait UIInterfaceOrientationLandscapeLeft UIInterfaceOrientationLandscapeRight";
				LD_RUNPATH_SEARCH_PATHS = (
					"$(inherited)",
					"@executable_path/Frameworks",
				);
				MARKETING_VERSION = 1.0;
				PRODUCT_BUNDLE_IDENTIFIER = com.storytellingpractice.app;
				PRODUCT_NAME = "$(TARGET_NAME)";
				SWIFT_EMIT_LOC_STRINGS = YES;
				SWIFT_VERSION = 5.0;
				TARGETED_DEVICE_FAMILY = "1,2";
			};
			name = Release;
		};
/* End XCBuildConfiguration section */

/* Begin XCConfigurationList section */
		AA000000000000000000001D /* Build configuration list for PBXProject "StorytellingPracticeApp" */ = {
			isa = XCConfigurationList;
			buildConfigurations = (
				AA000000000000000000001E /* Debug */,
				AA000000000000000000001F /* Release */,
			);
			defaultConfigurationIsVisible = 0;
			defaultConfigurationName = Release;
		};
		AA0000000000000000000019 /* Build configuration list for PBXNativeTarget "StorytellingPracticeApp" */ = {
			isa = XCConfigurationList;
			buildConfigurations = (
				AA0000000000000000000020 /* Debug */,
				AA0000000000000000000021 /* Release */,
			);
			defaultConfigurationIsVisible = 0;
			defaultConfigurationName = Release;
		};
/* End XCConfigurationList section */
	};
	rootObject = AA000000000000000000001C /* Project object */;
}
